
Microsoft Visual Studio Solution File, Format Version 12.00
# Visual Studio Version 17
VisualStudioVersion = 17.5.33424.131
MinimumVisualStudioVersion = 10.0.40219.1
Project("{FAE04EC0-301F-11D3-BF4B-00C04F79EFBC}") = "1004", "1004\1004.csproj", "{58BE0806-DE1B-4E58-B782-2A1B50043504}"
EndProject
Global
	GlobalSection(SolutionConfigurationPlatforms) = preSolution
		Debug|Any CPU = Debug|Any CPU
		Release|Any CPU = Release|Any CPU
	EndGlobalSection
	GlobalSection(ProjectConfigurationPlatforms) = postSolution
		{58BE0806-DE1B-4E58-B782-2A1B50043504}.Debug|Any CPU.ActiveCfg = Debug|Any CPU
		{58BE0806-DE1B-4E58-B782-2A1B50043504}.Debug|Any CPU.Build.0 = Debug|Any CPU
		{58BE0806-DE1B-4E58-B782-2A1B50043504}.Release|Any CPU.ActiveCfg = Release|Any CPU
		{58BE0806-DE1B-4E58-B782-2A1B50043504}.Release|Any CPU.Build.0 = Release|Any CPU
	EndGlobalSection
	GlobalSection(SolutionProperties) = preSolution
		HideSolutionNode = FALSE
	EndGlobalSection
	GlobalSection(ExtensibilityGlobals) = postSolution
		SolutionGuid = {5438C610-B4C8-44D9-9950-D32EF61A84FC}
	EndGlobalSection
EndGlobal
